// !$*UTF8*$!
{
	archiveVersion = 1;
	classes = {
	};
	objectVersion = 55;
	objects = {

/* Begin PBXBuildFile section */
		565BC74F27B3B0C40059C467 /* AppDelegate.swift in Sources */ = {isa = PBXBuildFile; fileRef = 565BC74E27B3B0C40059C467 /* AppDelegate.swift */; };
		565BC75127B3B0C40059C467 /* SceneDelegate.swift in Sources */ = {isa = PBXBuildFile; fileRef = 565BC75027B3B0C40059C467 /* SceneDelegate.swift */; };
		565BC75327B3B0C40059C467 /* ViewController.swift in Sources */ = {isa = PBXBuildFile; fileRef = 565BC75227B3B0C40059C467 /* ViewController.swift */; };
		565BC75627B3B0C40059C467 /* Main.storyboard in Resources */ = {isa = PBXBuildFile; fileRef = 565BC75427B3B0C40059C467 /* Main.storyboard */; };
		565BC75827B3B0C50059C467 /* Assets.xcassets in Resources */ = {isa = PBXBuildFile; fileRef = 565BC75727B3B0C50059C467 /* Assets.xcassets */; };
		565BC75B27B3B0C50059C467 /* LaunchScreen.storyboard in Resources */ = {isa = PBXBuildFile; fileRef = 565BC75927B3B0C50059C467 /* LaunchScreen.storyboard */; };
		565BC76327B3BB240059C467 /* ChangeBackColor.swift in Sources */ = {isa = PBXBuildFile; fileRef = 565BC76227B3BB240059C467 /* ChangeBackColor.swift */; };
		565BC76727B4AEC40059C467 /* PhotoViewController.swift in Sources */ = {isa = PBXBuildFile; fileRef = 565BC76627B4AEC40059C467 /* PhotoViewController.swift */; };
		565BC76927B4B93A0059C467 /* cTest.jpg in Resources */ = {isa = PBXBuildFile; fileRef = 565BC76827B4B93A0059C467 /* cTest.jpg */; };
		565BC76B27B510280059C467 /* GLSLViewController.swift in Sources */ = {isa = PBXBuildFile; fileRef = 565BC76A27B510280059C467 /* GLSLViewController.swift */; };
		565BC76D27B5103C0059C467 /* GLSLView.swift in Sources */ = {isa = PBXBuildFile; fileRef = 565BC76C27B5103C0059C467 /* GLSLView.swift */; };
		5693BAB927B5F593008FAA7E /* GLSLVertex.vsh in Resources */ = {isa = PBXBuildFile; fileRef = 5693BAB827B5F593008FAA7E /* GLSLVertex.vsh */; };
		5693BABB27B5F5B6008FAA7E /* GLSLFragment.fsh in Resources */ = {isa = PBXBuildFile; fileRef = 5693BABA27B5F5B6008FAA7E /* GLSLFragment.fsh */; };
		56B40DC727B9E85900FD2F47 /* DrawingBoardShaderV.glsl in Resources */ = {isa = PBXBuildFile; fileRef = 56B40DC627B9E85900FD2F47 /* DrawingBoardShaderV.glsl */; };
		56B40DC927B9E87400FD2F47 /* DrawingBoardShaderF.glsl in Resources */ = {isa = PBXBuildFile; fileRef = 56B40DC827B9E87400FD2F47 /* DrawingBoardShaderF.glsl */; };
		56B40DCB27B9EBFA00FD2F47 /* abc.string in Resources */ = {isa = PBXBuildFile; fileRef = 56B40DCA27B9EBFA00FD2F47 /* abc.string */; };
		56B40DCD27BA418C00FD2F47 /* EarthAndMoonViewController.swift in Sources */ = {isa = PBXBuildFile; fileRef = 56B40DCC27BA418C00FD2F47 /* EarthAndMoonViewController.swift */; };
		56B40DD027BA43AB00FD2F47 /* Earth512x256.jpg in Resources */ = {isa = PBXBuildFile; fileRef = 56B40DCE27BA43AA00FD2F47 /* Earth512x256.jpg */; };
		56B40DD127BA43AB00FD2F47 /* Moon256x128.png in Resources */ = {isa = PBXBuildFile; fileRef = 56B40DCF27BA43AB00FD2F47 /* Moon256x128.png */; };
		56B40DD427BA43C500FD2F47 /* sphere.obj in Resources */ = {isa = PBXBuildFile; fileRef = 56B40DD327BA43C500FD2F47 /* sphere.obj */; };
		56B40DD627BA4A8100FD2F47 /* sphere.swift in Sources */ = {isa = PBXBuildFile; fileRef = 56B40DD527BA4A8100FD2F47 /* sphere.swift */; };
		56D5894927B7527200F79445 /* GLSLPyramidView.swift in Sources */ = {isa = PBXBuildFile; fileRef = 56D5894827B7527200F79445 /* GLSLPyramidView.swift */; };
		56D5894B27B7590900F79445 /* GLSLPyramidShaderV.glsl in Resources */ = {isa = PBXBuildFile; fileRef = 56D5894A27B7590900F79445 /* GLSLPyramidShaderV.glsl */; };
		56D5894D27B7592000F79445 /* GLSLPyramidShaderF.glsl in Resources */ = {isa = PBXBuildFile; fileRef = 56D5894C27B7592000F79445 /* GLSLPyramidShaderF.glsl */; };
		56D5894F27B762AE00F79445 /* GLSLManager.swift in Sources */ = {isa = PBXBuildFile; fileRef = 56D5894E27B762AE00F79445 /* GLSLManager.swift */; };
		56D5895127B88E7A00F79445 /* GLSLPyramidViewController.swift in Sources */ = {isa = PBXBuildFile; fileRef = 56D5895027B88E7A00F79445 /* GLSLPyramidViewController.swift */; };
		56D5895527B8F7CB00F79445 /* DrawingBoardViewController.swift in Sources */ = {isa = PBXBuildFile; fileRef = 56D5895427B8F7CB00F79445 /* DrawingBoardViewController.swift */; };
		56D5895727B8F82700F79445 /* DrawingBoardView.swift in Sources */ = {isa = PBXBuildFile; fileRef = 56D5895627B8F82700F79445 /* DrawingBoardView.swift */; };
/* End PBXBuildFile section */

/* Begin PBXFileReference section */
		565BC74B27B3B0C40059C467 /* LSJOpenGLES.app */ = {isa = PBXFileReference; explicitFileType = wrapper.application; includeInIndex = 0; path = LSJOpenGLES.app; sourceTree = BUILT_PRODUCTS_DIR; };
		565BC74E27B3B0C40059C467 /* AppDelegate.swift */ = {isa = PBXFileReference; lastKnownFileType = sourcecode.swift; path = AppDelegate.swift; sourceTree = "<group>"; };
		565BC75027B3B0C40059C467 /* SceneDelegate.swift */ = {isa = PBXFileReference; lastKnownFileType = sourcecode.swift; path = SceneDelegate.swift; sourceTree = "<group>"; };
		565BC75227B3B0C40059C467 /* ViewController.swift */ = {isa = PBXFileReference; lastKnownFileType = sourcecode.swift; path = ViewController.swift; sourceTree = "<group>"; };
		565BC75527B3B0C40059C467 /* Base */ = {isa = PBXFileReference; lastKnownFileType = file.storyboard; name = Base; path = Base.lproj/Main.storyboard; sourceTree = "<group>"; };
		565BC75727B3B0C50059C467 /* Assets.xcassets */ = {isa = PBXFileReference; lastKnownFileType = folder.assetcatalog; path = Assets.xcassets; sourceTree = "<group>"; };
		565BC75A27B3B0C50059C467 /* Base */ = {isa = PBXFileReference; lastKnownFileType = file.storyboard; name = Base; path = Base.lproj/LaunchScreen.storyboard; sourceTree = "<group>"; };
		565BC75C27B3B0C50059C467 /* Info.plist */ = {isa = PBXFileReference; lastKnownFileType = text.plist.xml; path = Info.plist; sourceTree = "<group>"; };
		565BC76227B3BB240059C467 /* ChangeBackColor.swift */ = {isa = PBXFileReference; lastKnownFileType = sourcecode.swift; path = ChangeBackColor.swift; sourceTree = "<group>"; };
		565BC76627B4AEC40059C467 /* PhotoViewController.swift */ = {isa = PBXFileReference; lastKnownFileType = sourcecode.swift; path = PhotoViewController.swift; sourceTree = "<group>"; };
		565BC76827B4B93A0059C467 /* cTest.jpg */ = {isa = PBXFileReference; lastKnownFileType = image.jpeg; path = cTest.jpg; sourceTree = "<group>"; };
		565BC76A27B510280059C467 /* GLSLViewController.swift */ = {isa = PBXFileReference; lastKnownFileType = sourcecode.swift; path = GLSLViewController.swift; sourceTree = "<group>"; };
		565BC76C27B5103C0059C467 /* GLSLView.swift */ = {isa = PBXFileReference; lastKnownFileType = sourcecode.swift; path = GLSLView.swift; sourceTree = "<group>"; };
		5693BAB827B5F593008FAA7E /* GLSLVertex.vsh */ = {isa = PBXFileReference; lastKnownFileType = sourcecode.glsl; path = GLSLVertex.vsh; sourceTree = "<group>"; };
		5693BABA27B5F5B6008FAA7E /* GLSLFragment.fsh */ = {isa = PBXFileReference; lastKnownFileType = sourcecode.glsl; path = GLSLFragment.fsh; sourceTree = "<group>"; };
		56B40DC627B9E85900FD2F47 /* DrawingBoardShaderV.glsl */ = {isa = PBXFileReference; lastKnownFileType = text; path = DrawingBoardShaderV.glsl; sourceTree = "<group>"; };
		56B40DC827B9E87400FD2F47 /* DrawingBoardShaderF.glsl */ = {isa = PBXFileReference; lastKnownFileType = text; path = DrawingBoardShaderF.glsl; sourceTree = "<group>"; };
		56B40DCA27B9EBFA00FD2F47 /* abc.string */ = {isa = PBXFileReference; fileEncoding = 4; lastKnownFileType = text; path = abc.string; sourceTree = "<group>"; };
		56B40DCC27BA418C00FD2F47 /* EarthAndMoonViewController.swift */ = {isa = PBXFileReference; lastKnownFileType = sourcecode.swift; path = EarthAndMoonViewController.swift; sourceTree = "<group>"; };
		56B40DCE27BA43AA00FD2F47 /* Earth512x256.jpg */ = {isa = PBXFileReference; lastKnownFileType = image.jpeg; path = Earth512x256.jpg; sourceTree = "<group>"; };
		56B40DCF27BA43AB00FD2F47 /* Moon256x128.png */ = {isa = PBXFileReference; lastKnownFileType = image.png; path = Moon256x128.png; sourceTree = "<group>"; };
		56B40DD227BA43C500FD2F47 /* sphere.h */ = {isa = PBXFileReference; fileEncoding = 4; lastKnownFileType = sourcecode.c.h; path = sphere.h; sourceTree = "<group>"; };
		56B40DD327BA43C500FD2F47 /* sphere.obj */ = {isa = PBXFileReference; fileEncoding = 4; lastKnownFileType = text; path = sphere.obj; sourceTree = "<group>"; };
		56B40DD527BA4A8100FD2F47 /* sphere.swift */ = {isa = PBXFileReference; lastKnownFileType = sourcecode.swift; path = sphere.swift; sourceTree = "<group>"; };
		56D5894827B7527200F79445 /* GLSLPyramidView.swift */ = {isa = PBXFileReference; lastKnownFileType = sourcecode.swift; path = GLSLPyramidView.swift; sourceTree = "<group>"; };
		56D5894A27B7590900F79445 /* GLSLPyramidShaderV.glsl */ = {isa = PBXFileReference; lastKnownFileType = text; path = GLSLPyramidShaderV.glsl; sourceTree = "<group>"; };
		56D5894C27B7592000F79445 /* GLSLPyramidShaderF.glsl */ = {isa = PBXFileReference; lastKnownFileType = text; path = GLSLPyramidShaderF.glsl; sourceTree = "<group>"; };
		56D5894E27B762AE00F79445 /* GLSLManager.swift */ = {isa = PBXFileReference; lastKnownFileType = sourcecode.swift; path = GLSLManager.swift; sourceTree = "<group>"; };
		56D5895027B88E7A00F79445 /* GLSLPyramidViewController.swift */ = {isa = PBXFileReference; lastKnownFileType = sourcecode.swift; path = GLSLPyramidViewController.swift; sourceTree = "<group>"; };
		56D5895427B8F7CB00F79445 /* DrawingBoardViewController.swift */ = {isa = PBXFileReference; lastKnownFileType = sourcecode.swift; path = DrawingBoardViewController.swift; sourceTree = "<group>"; };
		56D5895627B8F82700F79445 /* DrawingBoardView.swift */ = {isa = PBXFileReference; lastKnownFileType = sourcecode.swift; path = DrawingBoardView.swift; sourceTree = "<group>"; };
/* End PBXFileReference section */

/* Begin PBXFrameworksBuildPhase section */
		565BC74827B3B0C40059C467 /* Frameworks */ = {
			isa = PBXFrameworksBuildPhase;
			buildActionMask = 2147483647;
			files = (
			);
			runOnlyForDeploymentPostprocessing = 0;
		};
/* End PBXFrameworksBuildPhase section */

/* Begin PBXGroup section */
		565BC74227B3B0C40059C467 = {
			isa = PBXGroup;
			children = (
				565BC74D27B3B0C40059C467 /* LSJOpenGLES */,
				565BC74C27B3B0C40059C467 /* Products */,
			);
			sourceTree = "<group>";
		};
		565BC74C27B3B0C40059C467 /* Products */ = {
			isa = PBXGroup;
			children = (
				565BC74B27B3B0C40059C467 /* LSJOpenGLES.app */,
			);
			name = Products;
			sourceTree = "<group>";
		};
		565BC74D27B3B0C40059C467 /* LSJOpenGLES */ = {
			isa = PBXGroup;
			children = (
				565BC76827B4B93A0059C467 /* cTest.jpg */,
				565BC74E27B3B0C40059C467 /* AppDelegate.swift */,
				565BC75027B3B0C40059C467 /* SceneDelegate.swift */,
				565BC75227B3B0C40059C467 /* ViewController.swift */,
				565BC76227B3BB240059C467 /* ChangeBackColor.swift */,
				565BC76627B4AEC40059C467 /* PhotoViewController.swift */,
				565BC76A27B510280059C467 /* GLSLViewController.swift */,
				565BC76C27B5103C0059C467 /* GLSLView.swift */,
				56D5894827B7527200F79445 /* GLSLPyramidView.swift */,
				56D5895027B88E7A00F79445 /* GLSLPyramidViewController.swift */,
				56D5894E27B762AE00F79445 /* GLSLManager.swift */,
				56D5895427B8F7CB00F79445 /* DrawingBoardViewController.swift */,
				56B40DC627B9E85900FD2F47 /* DrawingBoardShaderV.glsl */,
				56B40DC827B9E87400FD2F47 /* DrawingBoardShaderF.glsl */,
				56B40DCA27B9EBFA00FD2F47 /* abc.string */,
				56D5895627B8F82700F79445 /* DrawingBoardView.swift */,
				56B40DCC27BA418C00FD2F47 /* EarthAndMoonViewController.swift */,
				56B40DCE27BA43AA00FD2F47 /* Earth512x256.jpg */,
				56B40DCF27BA43AB00FD2F47 /* Moon256x128.png */,
				56B40DD227BA43C500FD2F47 /* sphere.h */,
				56B40DD527BA4A8100FD2F47 /* sphere.swift */,
				56B40DD327BA43C500FD2F47 /* sphere.obj */,
				56D5894A27B7590900F79445 /* GLSLPyramidShaderV.glsl */,
				56D5894C27B7592000F79445 /* GLSLPyramidShaderF.glsl */,
				5693BAB827B5F593008FAA7E /* GLSLVertex.vsh */,
				5693BABA27B5F5B6008FAA7E /* GLSLFragment.fsh */,
				565BC75427B3B0C40059C467 /* Main.storyboard */,
				565BC75727B3B0C50059C467 /* Assets.xcassets */,
				565BC75927B3B0C50059C467 /* LaunchScreen.storyboard */,
				565BC75C27B3B0C50059C467 /* Info.plist */,
			);
			path = LSJOpenGLES;
			sourceTree = "<group>";
		};
/* End PBXGroup section */

/* Begin PBXNativeTarget section */
		565BC74A27B3B0C40059C467 /* LSJOpenGLES */ = {
			isa = PBXNativeTarget;
			buildConfigurationList = 565BC75F27B3B0C50059C467 /* Build configuration list for PBXNativeTarget "LSJOpenGLES" */;
			buildPhases = (
				565BC74727B3B0C40059C467 /* Sources */,
				565BC74827B3B0C40059C467 /* Frameworks */,
				565BC74927B3B0C40059C467 /* Resources */,
			);
			buildRules = (
			);
			dependencies = (
			);
			name = LSJOpenGLES;
			productName = LSJOpenGLES;
			productReference = 565BC74B27B3B0C40059C467 /* LSJOpenGLES.app */;
			productType = "com.apple.product-type.application";
		};
/* End PBXNativeTarget section */

/* Begin PBXProject section */
		565BC74327B3B0C40059C467 /* Project object */ = {
			isa = PBXProject;
			attributes = {
				BuildIndependentTargetsInParallel = 1;
				LastSwiftUpdateCheck = 1310;
				LastUpgradeCheck = 1310;
				TargetAttributes = {
					565BC74A27B3B0C40059C467 = {
						CreatedOnToolsVersion = 13.1;
					};
				};
			};
			buildConfigurationList = 565BC74627B3B0C40059C467 /* Build configuration list for PBXProject "LSJOpenGLES" */;
			compatibilityVersion = "Xcode 13.0";
			developmentRegion = en;
			hasScannedForEncodings = 0;
			knownRegions = (
				en,
				Base,
			);
			mainGroup = 565BC74227B3B0C40059C467;
			productRefGroup = 565BC74C27B3B0C40059C467 /* Products */;
			projectDirPath = "";
			projectRoot = "";
			targets = (
				565BC74A27B3B0C40059C467 /* LSJOpenGLES */,
			);
		};
/* End PBXProject section */

/* Begin PBXResourcesBuildPhase section */
		565BC74927B3B0C40059C467 /* Resources */ = {
			isa = PBXResourcesBuildPhase;
			buildActionMask = 2147483647;
			files = (
				56B40DD427BA43C500FD2F47 /* sphere.obj in Resources */,
				565BC76927B4B93A0059C467 /* cTest.jpg in Resources */,
				56B40DCB27B9EBFA00FD2F47 /* abc.string in Resources */,
				565BC75B27B3B0C50059C467 /* LaunchScreen.storyboard in Resources */,
				565BC75827B3B0C50059C467 /* Assets.xcassets in Resources */,
				56B40DC727B9E85900FD2F47 /* DrawingBoardShaderV.glsl in Resources */,
				5693BABB27B5F5B6008FAA7E /* GLSLFragment.fsh in Resources */,
				56D5894D27B7592000F79445 /* GLSLPyramidShaderF.glsl in Resources */,
				5693BAB927B5F593008FAA7E /* GLSLVertex.vsh in Resources */,
				56B40DD127BA43AB00FD2F47 /* Moon256x128.png in Resources */,
				56B40DD027BA43AB00FD2F47 /* Earth512x256.jpg in Resources */,
				56B40DC927B9E87400FD2F47 /* DrawingBoardShaderF.glsl in Resources */,
				565BC75627B3B0C40059C467 /* Main.storyboard in Resources */,
				56D5894B27B7590900F79445 /* GLSLPyramidShaderV.glsl in Resources */,
			);
			runOnlyForDeploymentPostprocessing = 0;
		};
/* End PBXResourcesBuildPhase section */

/* Begin PBXSourcesBuildPhase section */
		565BC74727B3B0C40059C467 /* Sources */ = {
			isa = PBXSourcesBuildPhase;
			buildActionMask = 2147483647;
			files = (
				56D5895727B8F82700F79445 /* DrawingBoardView.swift in Sources */,
				565BC75327B3B0C40059C467 /* ViewController.swift in Sources */,
				56D5895127B88E7A00F79445 /* GLSLPyramidViewController.swift in Sources */,
				565BC74F27B3B0C40059C467 /* AppDelegate.swift in Sources */,
				565BC76327B3BB240059C467 /* ChangeBackColor.swift in Sources */,
				56B40DCD27BA418C00FD2F47 /* EarthAndMoonViewController.swift in Sources */,
				56D5894927B7527200F79445 /* GLSLPyramidView.swift in Sources */,
				56D5894F27B762AE00F79445 /* GLSLManager.swift in Sources */,
				56B40DD627BA4A8100FD2F47 /* sphere.swift in Sources */,
				56D5895527B8F7CB00F79445 /* DrawingBoardViewController.swift in Sources */,
				565BC76D27B5103C0059C467 /* GLSLView.swift in Sources */,
				565BC75127B3B0C40059C467 /* SceneDelegate.swift in Sources */,
				565BC76B27B510280059C467 /* GLSLViewController.swift in Sources */,
				565BC76727B4AEC40059C467 /* PhotoViewController.swift in Sources */,
			);
			runOnlyForDeploymentPostprocessing = 0;
		};
/* End PBXSourcesBuildPhase section */

/* Begin PBXVariantGroup section */
		565BC75427B3B0C40059C467 /* Main.storyboard */ = {
			isa = PBXVariantGroup;
			children = (
				565BC75527B3B0C40059C467 /* Base */,
			);
			name = Main.storyboard;
			sourceTree = "<group>";
		};
		565BC75927B3B0C50059C467 /* LaunchScreen.storyboard */ = {
			isa = PBXVariantGroup;
			children = (
				565BC75A27B3B0C50059C467 /* Base */,
			);
			name = LaunchScreen.storyboard;
			sourceTree = "<group>";
		};
/* End PBXVariantGroup section */

/* Begin XCBuildConfiguration section */
		565BC75D27B3B0C50059C467 /* Debug */ = {
			isa = XCBuildConfiguration;
			buildSettings = {
				ALWAYS_SEARCH_USER_PATHS = NO;
				CLANG_ANALYZER_NONNULL = YES;
				CLANG_ANALYZER_NUMBER_OBJECT_CONVERSION = YES_AGGRESSIVE;
				CLANG_CXX_LANGUAGE_STANDARD = "gnu++17";
				CLANG_CXX_LIBRARY = "libc++";
				CLANG_ENABLE_MODULES = YES;
				CLANG_ENABLE_OBJC_ARC = YES;
				CLANG_ENABLE_OBJC_WEAK = YES;
				CLANG_WARN_BLOCK_CAPTURE_AUTORELEASING = YES;
				CLANG_WARN_BOOL_CONVERSION = YES;
				CLANG_WARN_COMMA = YES;
				CLANG_WARN_CONSTANT_CONVERSION = YES;
				CLANG_WARN_DEPRECATED_OBJC_IMPLEMENTATIONS = YES;
				CLANG_WARN_DIRECT_OBJC_ISA_USAGE = YES_ERROR;
				CLANG_WARN_DOCUMENTATION_COMMENTS = YES;
				CLANG_WARN_EMPTY_BODY = YES;
				CLANG_WARN_ENUM_CONVERSION = YES;
				CLANG_WARN_INFINITE_RECURSION = YES;
				CLANG_WARN_INT_CONVERSION = YES;
				CLANG_WARN_NON_LITERAL_NULL_CONVERSION = YES;
				CLANG_WARN_OBJC_IMPLICIT_RETAIN_SELF = YES;
				CLANG_WARN_OBJC_LITERAL_CONVERSION = YES;
				CLANG_WARN_OBJC_ROOT_CLASS = YES_ERROR;
				CLANG_WARN_QUOTED_INCLUDE_IN_FRAMEWORK_HEADER = YES;
				CLANG_WARN_RANGE_LOOP_ANALYSIS = YES;
				CLANG_WARN_STRICT_PROTOTYPES = YES;
				CLANG_WARN_SUSPICIOUS_MOVE = YES;
				CLANG_WARN_UNGUARDED_AVAILABILITY = YES_AGGRESSIVE;
				CLANG_WARN_UNREACHABLE_CODE = YES;
				CLANG_WARN__DUPLICATE_METHOD_MATCH = YES;
				COPY_PHASE_STRIP = NO;
				DEBUG_INFORMATION_FORMAT = dwarf;
				ENABLE_STRICT_OBJC_MSGSEND = YES;
				ENABLE_TESTABILITY = YES;
				GCC_C_LANGUAGE_STANDARD = gnu11;
				GCC_DYNAMIC_NO_PIC = NO;
				GCC_NO_COMMON_BLOCKS = YES;
				GCC_OPTIMIZATION_LEVEL = 0;
				GCC_PREPROCESSOR_DEFINITIONS = (
					"DEBUG=1",
					"$(inherited)",
				);
				GCC_WARN_64_TO_32_BIT_CONVERSION = YES;
				GCC_WARN_ABOUT_RETURN_TYPE = YES_ERROR;
				GCC_WARN_UNDECLARED_SELECTOR = YES;
				GCC_WARN_UNINITIALIZED_AUTOS = YES_AGGRESSIVE;
				GCC_WARN_UNUSED_FUNCTION = YES;
				GCC_WARN_UNUSED_VARIABLE = YES;
				IPHONEOS_DEPLOYMENT_TARGET = 15.0;
				MTL_ENABLE_DEBUG_INFO = INCLUDE_SOURCE;
				MTL_FAST_MATH = YES;
				ONLY_ACTIVE_ARCH = YES;
				SDKROOT = iphoneos;
				SWIFT_ACTIVE_COMPILATION_CONDITIONS = DEBUG;
				SWIFT_OPTIMIZATION_LEVEL = "-Onone";
			};
			name = Debug;
		};
		565BC75E27B3B0C50059C467 /* Release */ = {
			isa = XCBuildConfiguration;
			buildSettings = {
				ALWAYS_SEARCH_USER_PATHS = NO;
				CLANG_ANALYZER_NONNULL = YES;
				CLANG_ANALYZER_NUMBER_OBJECT_CONVERSION = YES_AGGRESSIVE;
				CLANG_CXX_LANGUAGE_STANDARD = "gnu++17";
				CLANG_CXX_LIBRARY = "libc++";
				CLANG_ENABLE_MODULES = YES;
				CLANG_ENABLE_OBJC_ARC = YES;
				CLANG_ENABLE_OBJC_WEAK = YES;
				CLANG_WARN_BLOCK_CAPTURE_AUTORELEASING = YES;
				CLANG_WARN_BOOL_CONVERSION = YES;
				CLANG_WARN_COMMA = YES;
				CLANG_WARN_CONSTANT_CONVERSION = YES;
				CLANG_WARN_DEPRECATED_OBJC_IMPLEMENTATIONS = YES;
				CLANG_WARN_DIRECT_OBJC_ISA_USAGE = YES_ERROR;
				CLANG_WARN_DOCUMENTATION_COMMENTS = YES;
				CLANG_WARN_EMPTY_BODY = YES;
				CLANG_WARN_ENUM_CONVERSION = YES;
				CLANG_WARN_INFINITE_RECURSION = YES;
				CLANG_WARN_INT_CONVERSION = YES;
				CLANG_WARN_NON_LITERAL_NULL_CONVERSION = YES;
				CLANG_WARN_OBJC_IMPLICIT_RETAIN_SELF = YES;
				CLANG_WARN_OBJC_LITERAL_CONVERSION = YES;
				CLANG_WARN_OBJC_ROOT_CLASS = YES_ERROR;
				CLANG_WARN_QUOTED_INCLUDE_IN_FRAMEWORK_HEADER = YES;
				CLANG_WARN_RANGE_LOOP_ANALYSIS = YES;
				CLANG_WARN_STRICT_PROTOTYPES = YES;
				CLANG_WARN_SUSPICIOUS_MOVE = YES;
				CLANG_WARN_UNGUARDED_AVAILABILITY = YES_AGGRESSIVE;
				CLANG_WARN_UNREACHABLE_CODE = YES;
				CLANG_WARN__DUPLICATE_METHOD_MATCH = YES;
				COPY_PHASE_STRIP = NO;
				DEBUG_INFORMATION_FORMAT = "dwarf-with-dsym";
				ENABLE_NS_ASSERTIONS = NO;
				ENABLE_STRICT_OBJC_MSGSEND = YES;
				GCC_C_LANGUAGE_STANDARD = gnu11;
				GCC_NO_COMMON_BLOCKS = YES;
				GCC_WARN_64_TO_32_BIT_CONVERSION = YES;
				GCC_WARN_ABOUT_RETURN_TYPE = YES_ERROR;
				GCC_WARN_UNDECLARED_SELECTOR = YES;
				GCC_WARN_UNINITIALIZED_AUTOS = YES_AGGRESSIVE;
				GCC_WARN_UNUSED_FUNCTION = YES;
				GCC_WARN_UNUSED_VARIABLE = YES;
				IPHONEOS_DEPLOYMENT_TARGET = 15.0;
				MTL_ENABLE_DEBUG_INFO = NO;
				MTL_FAST_MATH = YES;
				SDKROOT = iphoneos;
				SWIFT_COMPILATION_MODE = wholemodule;
				SWIFT_OPTIMIZATION_LEVEL = "-O";
				VALIDATE_PRODUCT = YES;
			};
			name = Release;
		};
		565BC76027B3B0C50059C467 /* Debug */ = {
			isa = XCBuildConfiguration;
			buildSettings = {
				ASSETCATALOG_COMPILER_APPICON_NAME = AppIcon;
				ASSETCATALOG_COMPILER_GLOBAL_ACCENT_COLOR_NAME = AccentColor;
				CODE_SIGN_STYLE = Automatic;
				CURRENT_PROJECT_VERSION = 1;
				GCC_PREPROCESSOR_DEFINITIONS = (
					"DEBUG=1",
					"$(inherited)",
					"GLES_SILENCE_DEPRECATION=1",
				);
				GENERATE_INFOPLIST_FILE = YES;
				INFOPLIST_FILE = LSJOpenGLES/Info.plist;
				INFOPLIST_KEY_UIApplicationSupportsIndirectInputEvents = YES;
				INFOPLIST_KEY_UILaunchStoryboardName = LaunchScreen;
				INFOPLIST_KEY_UIMainStoryboardFile = Main;
				INFOPLIST_KEY_UISupportedInterfaceOrientations_iPad = "UIInterfaceOrientationPortrait UIInterfaceOrientationPortraitUpsideDown UIInterfaceOrientationLandscapeLeft UIInterfaceOrientationLandscapeRight";
				INFOPLIST_KEY_UISupportedInterfaceOrientations_iPhone = "UIInterfaceOrientationPortrait UIInterfaceOrientationLandscapeLeft UIInterfaceOrientationLandscapeRight";
				IPHONEOS_DEPLOYMENT_TARGET = 13.0;
				LD_RUNPATH_SEARCH_PATHS = (
					"$(inherited)",
					"@executable_path/Frameworks",
				);
				MARKETING_VERSION = 1.0;
				PRODUCT_BUNDLE_IDENTIFIER = com.dengke.cn.LSJOpenGLES;
				PRODUCT_NAME = "$(TARGET_NAME)";
				SWIFT_EMIT_LOC_STRINGS = YES;
				SWIFT_VERSION = 5.0;
				TARGETED_DEVICE_FAMILY = "1,2";
			};
			name = Debug;
		};
		565BC76127B3B0C50059C467 /* Release */ = {
			isa = XCBuildConfiguration;
			buildSettings = {
				ASSETCATALOG_COMPILER_APPICON_NAME = AppIcon;
				ASSETCATALOG_COMPILER_GLOBAL_ACCENT_COLOR_NAME = AccentColor;
				CODE_SIGN_STYLE = Automatic;
				CURRENT_PROJECT_VERSION = 1;
				GCC_PREPROCESSOR_DEFINITIONS = "GLES_SILENCE_DEPRECATION=1";
				GENERATE_INFOPLIST_FILE = YES;
				INFOPLIST_FILE = LSJOpenGLES/Info.plist;
				INFOPLIST_KEY_UIApplicationSupportsIndirectInputEvents = YES;
				INFOPLIST_KEY_UILaunchStoryboardName = LaunchScreen;
				INFOPLIST_KEY_UIMainStoryboardFile = Main;
				INFOPLIST_KEY_UISupportedInterfaceOrientations_iPad = "UIInterfaceOrientationPortrait UIInterfaceOrientationPortraitUpsideDown UIInterfaceOrientationLandscapeLeft UIInterfaceOrientationLandscapeRight";
				INFOPLIST_KEY_UISupportedInterfaceOrientations_iPhone = "UIInterfaceOrientationPortrait UIInterfaceOrientationLandscapeLeft UIInterfaceOrientationLandscapeRight";
				IPHONEOS_DEPLOYMENT_TARGET = 13.0;
				LD_RUNPATH_SEARCH_PATHS = (
					"$(inherited)",
					"@executable_path/Frameworks",
				);
				MARKETING_VERSION = 1.0;
				PRODUCT_BUNDLE_IDENTIFIER = com.dengke.cn.LSJOpenGLES;
				PRODUCT_NAME = "$(TARGET_NAME)";
				SWIFT_EMIT_LOC_STRINGS = YES;
				SWIFT_VERSION = 5.0;
				TARGETED_DEVICE_FAMILY = "1,2";
			};
			name = Release;
		};
/* End XCBuildConfiguration section */

/* Begin XCConfigurationList section */
		565BC74627B3B0C40059C467 /* Build configuration list for PBXProject "LSJOpenGLES" */ = {
			isa = XCConfigurationList;
			buildConfigurations = (
				565BC75D27B3B0C50059C467 /* Debug */,
				565BC75E27B3B0C50059C467 /* Release */,
			);
			defaultConfigurationIsVisible = 0;
			defaultConfigurationName = Release;
		};
		565BC75F27B3B0C50059C467 /* Build configuration list for PBXNativeTarget "LSJOpenGLES" */ = {
			isa = XCConfigurationList;
			buildConfigurations = (
				565BC76027B3B0C50059C467 /* Debug */,
				565BC76127B3B0C50059C467 /* Release */,
			);
			defaultConfigurationIsVisible = 0;
			defaultConfigurationName = Release;
		};
/* End XCConfigurationList section */
	};
	rootObject = 565BC74327B3B0C40059C467 /* Project object */;
}
